// !$*UTF8*$!
{
	archiveVersion = 1;
	classes = {
	};
	objectVersion = 50;
	objects = {

/* Begin PBXBuildFile section */
		2F1A3C312525D4540019C642 /* AppDelegate.swift in Sources */ = {isa = PBXBuildFile; fileRef = 2F1A3C302525D4540019C642 /* AppDelegate.swift */; };
		2F1A3C332525D4540019C642 /* SceneDelegate.swift in Sources */ = {isa = PBXBuildFile; fileRef = 2F1A3C322525D4540019C642 /* SceneDelegate.swift */; };
		2F1A3C352525D4540019C642 /* ViewController.swift in Sources */ = {isa = PBXBuildFile; fileRef = 2F1A3C342525D4540019C642 /* ViewController.swift */; };
		2F1A3C382525D4540019C642 /* Main.storyboard in Resources */ = {isa = PBXBuildFile; fileRef = 2F1A3C362525D4540019C642 /* Main.storyboard */; };
		2F1A3C3A2525D4580019C642 /* Assets.xcassets in Resources */ = {isa = PBXBuildFile; fileRef = 2F1A3C392525D4580019C642 /* Assets.xcassets */; };
		2F1A3C3D2525D4580019C642 /* LaunchScreen.storyboard in Resources */ = {isa = PBXBuildFile; fileRef = 2F1A3C3B2525D4580019C642 /* LaunchScreen.storyboard */; };
		2F1A3C482525D4590019C642 /* ChildControllersExerciseTests.swift in Sources */ = {isa = PBXBuildFile; fileRef = 2F1A3C472525D4590019C642 /* ChildControllersExerciseTests.swift */; };
		2F1A3C532525D4590019C642 /* ChildControllersExerciseUITests.swift in Sources */ = {isa = PBXBuildFile; fileRef = 2F1A3C522525D4590019C642 /* ChildControllersExerciseUITests.swift */; };
/* End PBXBuildFile section */

/* Begin PBXContainerItemProxy section */
		2F1A3C442525D4590019C642 /* PBXContainerItemProxy */ = {
			isa = PBXContainerItemProxy;
			containerPortal = 2F1A3C252525D4540019C642 /* Project object */;
			proxyType = 1;
			remoteGlobalIDString = 2F1A3C2C2525D4540019C642;
			remoteInfo = ChildControllersExercise;
		};
		2F1A3C4F2525D4590019C642 /* PBXContainerItemProxy */ = {
			isa = PBXContainerItemProxy;
			containerPortal = 2F1A3C252525D4540019C642 /* Project object */;
			proxyType = 1;
			remoteGlobalIDString = 2F1A3C2C2525D4540019C642;
			remoteInfo = ChildControllersExercise;
		};
/* End PBXContainerItemProxy section */

/* Begin PBXFileReference section */
		2F1A3C2D2525D4540019C642 /* ChildControllersExercise.app */ = {isa = PBXFileReference; explicitFileType = wrapper.application; includeInIndex = 0; path = ChildControllersExercise.app; sourceTree = BUILT_PRODUCTS_DIR; };
		2F1A3C302525D4540019C642 /* AppDelegate.swift */ = {isa = PBXFileReference; lastKnownFileType = sourcecode.swift; path = AppDelegate.swift; sourceTree = "<group>"; };
		2F1A3C322525D4540019C642 /* SceneDelegate.swift */ = {isa = PBXFileReference; lastKnownFileType = sourcecode.swift; path = SceneDelegate.swift; sourceTree = "<group>"; };
		2F1A3C342525D4540019C642 /* ViewController.swift */ = {isa = PBXFileReference; lastKnownFileType = sourcecode.swift; path = ViewController.swift; sourceTree = "<group>"; };
		2F1A3C372525D4540019C642 /* Base */ = {isa = PBXFileReference; lastKnownFileType = file.storyboard; name = Base; path = Base.lproj/Main.storyboard; sourceTree = "<group>"; };
		2F1A3C392525D4580019C642 /* Assets.xcassets */ = {isa = PBXFileReference; lastKnownFileType = folder.assetcatalog; path = Assets.xcassets; sourceTree = "<group>"; };
		2F1A3C3C2525D4580019C642 /* Base */ = {isa = PBXFileReference; lastKnownFileType = file.storyboard; name = Base; path = Base.lproj/LaunchScreen.storyboard; sourceTree = "<group>"; };
		2F1A3C3E2525D4580019C642 /* Info.plist */ = {isa = PBXFileReference; lastKnownFileType = text.plist.xml; path = Info.plist; sourceTree = "<group>"; };
		2F1A3C432525D4590019C642 /* ChildControllersExerciseTests.xctest */ = {isa = PBXFileReference; explicitFileType = wrapper.cfbundle; includeInIndex = 0; path = ChildControllersExerciseTests.xctest; sourceTree = BUILT_PRODUCTS_DIR; };
		2F1A3C472525D4590019C642 /* ChildControllersExerciseTests.swift */ = {isa = PBXFileReference; lastKnownFileType = sourcecode.swift; path = ChildControllersExerciseTests.swift; sourceTree = "<group>"; };
		2F1A3C492525D4590019C642 /* Info.plist */ = {isa = PBXFileReference; lastKnownFileType = text.plist.xml; path = Info.plist; sourceTree = "<group>"; };
		2F1A3C4E2525D4590019C642 /* ChildControllersExerciseUITests.xctest */ = {isa = PBXFileReference; explicitFileType = wrapper.cfbundle; includeInIndex = 0; path = ChildControllersExerciseUITests.xctest; sourceTree = BUILT_PRODUCTS_DIR; };
		2F1A3C522525D4590019C642 /* ChildControllersExerciseUITests.swift */ = {isa = PBXFileReference; lastKnownFileType = sourcecode.swift; path = ChildControllersExerciseUITests.swift; sourceTree = "<group>"; };
		2F1A3C542525D4590019C642 /* Info.plist */ = {isa = PBXFileReference; lastKnownFileType = text.plist.xml; path = Info.plist; sourceTree = "<group>"; };
/* End PBXFileReference section */

/* Begin PBXFrameworksBuildPhase section */
		2F1A3C2A2525D4540019C642 /* Frameworks */ = {
			isa = PBXFrameworksBuildPhase;
			buildActionMask = 2147483647;
			files = (
			);
			runOnlyForDeploymentPostprocessing = 0;
		};
		2F1A3C402525D4590019C642 /* Frameworks */ = {
			isa = PBXFrameworksBuildPhase;
			buildActionMask = 2147483647;
			files = (
			);
			runOnlyForDeploymentPostprocessing = 0;
		};
		2F1A3C4B2525D4590019C642 /* Frameworks */ = {
			isa = PBXFrameworksBuildPhase;
			buildActionMask = 2147483647;
			files = (
			);
			runOnlyForDeploymentPostprocessing = 0;
		};
/* End PBXFrameworksBuildPhase section */

/* Begin PBXGroup section */
		2F1A3C242525D4540019C642 = {
			isa = PBXGroup;
			children = (
				2F1A3C2F2525D4540019C642 /* ChildControllersExercise */,
				2F1A3C462525D4590019C642 /* ChildControllersExerciseTests */,
				2F1A3C512525D4590019C642 /* ChildControllersExerciseUITests */,
				2F1A3C2E2525D4540019C642 /* Products */,
			);
			sourceTree = "<group>";
		};
		2F1A3C2E2525D4540019C642 /* Products */ = {
			isa = PBXGroup;
			children = (
				2F1A3C2D2525D4540019C642 /* ChildControllersExercise.app */,
				2F1A3C432525D4590019C642 /* ChildControllersExerciseTests.xctest */,
				2F1A3C4E2525D4590019C642 /* ChildControllersExerciseUITests.xctest */,
			);
			name = Products;
			sourceTree = "<group>";
		};
		2F1A3C2F2525D4540019C642 /* ChildControllersExercise */ = {
			isa = PBXGroup;
			children = (
				2F1A3C302525D4540019C642 /* AppDelegate.swift */,
				2F1A3C322525D4540019C642 /* SceneDelegate.swift */,
				2F1A3C342525D4540019C642 /* ViewController.swift */,
				2F1A3C362525D4540019C642 /* Main.storyboard */,
				2F1A3C392525D4580019C642 /* Assets.xcassets */,
				2F1A3C3B2525D4580019C642 /* LaunchScreen.storyboard */,
				2F1A3C3E2525D4580019C642 /* Info.plist */,
			);
			path = ChildControllersExercise;
			sourceTree = "<group>";
		};
		2F1A3C462525D4590019C642 /* ChildControllersExerciseTests */ = {
			isa = PBXGroup;
			children = (
				2F1A3C472525D4590019C642 /* ChildControllersExerciseTests.swift */,
				2F1A3C492525D4590019C642 /* Info.plist */,
			);
			path = ChildControllersExerciseTests;
			sourceTree = "<group>";
		};
		2F1A3C512525D4590019C642 /* ChildControllersExerciseUITests */ = {
			isa = PBXGroup;
			children = (
				2F1A3C522525D4590019C642 /* ChildControllersExerciseUITests.swift */,
				2F1A3C542525D4590019C642 /* Info.plist */,
			);
			path = ChildControllersExerciseUITests;
			sourceTree = "<group>";
		};
/* End PBXGroup section */

/* Begin PBXNativeTarget section */
		2F1A3C2C2525D4540019C642 /* ChildControllersExercise */ = {
			isa = PBXNativeTarget;
			buildConfigurationList = 2F1A3C572525D4590019C642 /* Build configuration list for PBXNativeTarget "ChildControllersExercise" */;
			buildPhases = (
				2F1A3C292525D4540019C642 /* Sources */,
				2F1A3C2A2525D4540019C642 /* Frameworks */,
				2F1A3C2B2525D4540019C642 /* Resources */,
			);
			buildRules = (
			);
			dependencies = (
			);
			name = ChildControllersExercise;
			productName = ChildControllersExercise;
			productReference = 2F1A3C2D2525D4540019C642 /* ChildControllersExercise.app */;
			productType = "com.apple.product-type.application";
		};
		2F1A3C422525D4590019C642 /* ChildControllersExerciseTests */ = {
			isa = PBXNativeTarget;
			buildConfigurationList = 2F1A3C5A2525D4590019C642 /* Build configuration list for PBXNativeTarget "ChildControllersExerciseTests" */;
			buildPhases = (
				2F1A3C3F2525D4590019C642 /* Sources */,
				2F1A3C402525D4590019C642 /* Frameworks */,
				2F1A3C412525D4590019C642 /* Resources */,
			);
			buildRules = (
			);
			dependencies = (
				2F1A3C452525D4590019C642 /* PBXTargetDependency */,
			);
			name = ChildControllersExerciseTests;
			productName = ChildControllersExerciseTests;
			productReference = 2F1A3C432525D4590019C642 /* ChildControllersExerciseTests.xctest */;
			productType = "com.apple.product-type.bundle.unit-test";
		};
		2F1A3C4D2525D4590019C642 /* ChildControllersExerciseUITests */ = {
			isa = PBXNativeTarget;
			buildConfigurationList = 2F1A3C5D2525D4590019C642 /* Build configuration list for PBXNativeTarget "ChildControllersExerciseUITests" */;
			buildPhases = (
				2F1A3C4A2525D4590019C642 /* Sources */,
				2F1A3C4B2525D4590019C642 /* Frameworks */,
				2F1A3C4C2525D4590019C642 /* Resources */,
			);
			buildRules = (
			);
			dependencies = (
				2F1A3C502525D4590019C642 /* PBXTargetDependency */,
			);
			name = ChildControllersExerciseUITests;
			productName = ChildControllersExerciseUITests;
			productReference = 2F1A3C4E2525D4590019C642 /* ChildControllersExerciseUITests.xctest */;
			productType = "com.apple.product-type.bundle.ui-testing";
		};
/* End PBXNativeTarget section */

/* Begin PBXProject section */
		2F1A3C252525D4540019C642 /* Project object */ = {
			isa = PBXProject;
			attributes = {
				LastSwiftUpdateCheck = 1200;
				LastUpgradeCheck = 1200;
				TargetAttributes = {
					2F1A3C2C2525D4540019C642 = {
						CreatedOnToolsVersion = 12.0;
					};
					2F1A3C422525D4590019C642 = {
						CreatedOnToolsVersion = 12.0;
						TestTargetID = 2F1A3C2C2525D4540019C642;
					};
					2F1A3C4D2525D4590019C642 = {
						CreatedOnToolsVersion = 12.0;
						TestTargetID = 2F1A3C2C2525D4540019C642;
					};
				};
			};
			buildConfigurationList = 2F1A3C282525D4540019C642 /* Build configuration list for PBXProject "ChildControllersExercise" */;
			compatibilityVersion = "Xcode 9.3";
			developmentRegion = en;
			hasScannedForEncodings = 0;
			knownRegions = (
				en,
				Base,
			);
			mainGroup = 2F1A3C242525D4540019C642;
			productRefGroup = 2F1A3C2E2525D4540019C642 /* Products */;
			projectDirPath = "";
			projectRoot = "";
			targets = (
				2F1A3C2C2525D4540019C642 /* ChildControllersExercise */,
				2F1A3C422525D4590019C642 /* ChildControllersExerciseTests */,
				2F1A3C4D2525D4590019C642 /* ChildControllersExerciseUITests */,
			);
		};
/* End PBXProject section */

/* Begin PBXResourcesBuildPhase section */
		2F1A3C2B2525D4540019C642 /* Resources */ = {
			isa = PBXResourcesBuildPhase;
			buildActionMask = 2147483647;
			files = (
				2F1A3C3D2525D4580019C642 /* LaunchScreen.storyboard in Resources */,
				2F1A3C3A2525D4580019C642 /* Assets.xcassets in Resources */,
				2F1A3C382525D4540019C642 /* Main.storyboard in Resources */,
			);
			runOnlyForDeploymentPostprocessing = 0;
		};
		2F1A3C412525D4590019C642 /* Resources */ = {
			isa = PBXResourcesBuildPhase;
			buildActionMask = 2147483647;
			files = (
			);
			runOnlyForDeploymentPostprocessing = 0;
		};
		2F1A3C4C2525D4590019C642 /* Resources */ = {
			isa = PBXResourcesBuildPhase;
			buildActionMask = 2147483647;
			files = (
			);
			runOnlyForDeploymentPostprocessing = 0;
		};
/* End PBXResourcesBuildPhase section */

/* Begin PBXSourcesBuildPhase section */
		2F1A3C292525D4540019C642 /* Sources */ = {
			isa = PBXSourcesBuildPhase;
			buildActionMask = 2147483647;
			files = (
				2F1A3C352525D4540019C642 /* ViewController.swift in Sources */,
				2F1A3C312525D4540019C642 /* AppDelegate.swift in Sources */,
				2F1A3C332525D4540019C642 /* SceneDelegate.swift in Sources */,
			);
			runOnlyForDeploymentPostprocessing = 0;
		};
		2F1A3C3F2525D4590019C642 /* Sources */ = {
			isa = PBXSourcesBuildPhase;
			buildActionMask = 2147483647;
			files = (
				2F1A3C482525D4590019C642 /* ChildControllersExerciseTests.swift in Sources */,
			);
			runOnlyForDeploymentPostprocessing = 0;
		};
		2F1A3C4A2525D4590019C642 /* Sources */ = {
			isa = PBXSourcesBuildPhase;
			buildActionMask = 2147483647;
			files = (
				2F1A3C532525D4590019C642 /* ChildControllersExerciseUITests.swift in Sources */,
			);
			runOnlyForDeploymentPostprocessing = 0;
		};
/* End PBXSourcesBuildPhase section */

/* Begin PBXTargetDependency section */
		2F1A3C452525D4590019C642 /* PBXTargetDependency */ = {
			isa = PBXTargetDependency;
			target = 2F1A3C2C2525D4540019C642 /* ChildControllersExercise */;
			targetProxy = 2F1A3C442525D4590019C642 /* PBXContainerItemProxy */;
		};
		2F1A3C502525D4590019C642 /* PBXTargetDependency */ = {
			isa = PBXTargetDependency;
			target = 2F1A3C2C2525D4540019C642 /* ChildControllersExercise */;
			targetProxy = 2F1A3C4F2525D4590019C642 /* PBXContainerItemProxy */;
		};
/* End PBXTargetDependency section */

/* Begin PBXVariantGroup section */
		2F1A3C362525D4540019C642 /* Main.storyboard */ = {
			isa = PBXVariantGroup;
			children = (
				2F1A3C372525D4540019C642 /* Base */,
			);
			name = Main.storyboard;
			sourceTree = "<group>";
		};
		2F1A3C3B2525D4580019C642 /* LaunchScreen.storyboard */ = {
			isa = PBXVariantGroup;
			children = (
				2F1A3C3C2525D4580019C642 /* Base */,
			);
			name = LaunchScreen.storyboard;
			sourceTree = "<group>";
		};
/* End PBXVariantGroup section */

/* Begin XCBuildConfiguration section */
		2F1A3C552525D4590019C642 /* Debug */ = {
			isa = XCBuildConfiguration;
			buildSettings = {
				ALWAYS_SEARCH_USER_PATHS = NO;
				CLANG_ANALYZER_NONNULL = YES;
				CLANG_ANALYZER_NUMBER_OBJECT_CONVERSION = YES_AGGRESSIVE;
				CLANG_CXX_LANGUAGE_STANDARD = "gnu++14";
				CLANG_CXX_LIBRARY = "libc++";
				CLANG_ENABLE_MODULES = YES;
				CLANG_ENABLE_OBJC_ARC = YES;
				CLANG_ENABLE_OBJC_WEAK = YES;
				CLANG_WARN_BLOCK_CAPTURE_AUTORELEASING = YES;
				CLANG_WARN_BOOL_CONVERSION = YES;
				CLANG_WARN_COMMA = YES;
				CLANG_WARN_CONSTANT_CONVERSION = YES;
				CLANG_WARN_DEPRECATED_OBJC_IMPLEMENTATIONS = YES;
				CLANG_WARN_DIRECT_OBJC_ISA_USAGE = YES_ERROR;
				CLANG_WARN_DOCUMENTATION_COMMENTS = YES;
				CLANG_WARN_EMPTY_BODY = YES;
				CLANG_WARN_ENUM_CONVERSION = YES;
				CLANG_WARN_INFINITE_RECURSION = YES;
				CLANG_WARN_INT_CONVERSION = YES;
				CLANG_WARN_NON_LITERAL_NULL_CONVERSION = YES;
				CLANG_WARN_OBJC_IMPLICIT_RETAIN_SELF = YES;
				CLANG_WARN_OBJC_LITERAL_CONVERSION = YES;
				CLANG_WARN_OBJC_ROOT_CLASS = YES_ERROR;
				CLANG_WARN_QUOTED_INCLUDE_IN_FRAMEWORK_HEADER = YES;
				CLANG_WARN_RANGE_LOOP_ANALYSIS = YES;
				CLANG_WARN_STRICT_PROTOTYPES = YES;
				CLANG_WARN_SUSPICIOUS_MOVE = YES;
				CLANG_WARN_UNGUARDED_AVAILABILITY = YES_AGGRESSIVE;
				CLANG_WARN_UNREACHABLE_CODE = YES;
				CLANG_WARN__DUPLICATE_METHOD_MATCH = YES;
				COPY_PHASE_STRIP = NO;
				DEBUG_INFORMATION_FORMAT = dwarf;
				ENABLE_STRICT_OBJC_MSGSEND = YES;
				ENABLE_TESTABILITY = YES;
				GCC_C_LANGUAGE_STANDARD = gnu11;
				GCC_DYNAMIC_NO_PIC = NO;
				GCC_NO_COMMON_BLOCKS = YES;
				GCC_OPTIMIZATION_LEVEL = 0;
				GCC_PREPROCESSOR_DEFINITIONS = (
					"DEBUG=1",
					"$(inherited)",
				);
				GCC_WARN_64_TO_32_BIT_CONVERSION = YES;
				GCC_WARN_ABOUT_RETURN_TYPE = YES_ERROR;
				GCC_WARN_UNDECLARED_SELECTOR = YES;
				GCC_WARN_UNINITIALIZED_AUTOS = YES_AGGRESSIVE;
				GCC_WARN_UNUSED_FUNCTION = YES;
				GCC_WARN_UNUSED_VARIABLE = YES;
				IPHONEOS_DEPLOYMENT_TARGET = 14.0;
				MTL_ENABLE_DEBUG_INFO = INCLUDE_SOURCE;
				MTL_FAST_MATH = YES;
				ONLY_ACTIVE_ARCH = YES;
				SDKROOT = iphoneos;
				SWIFT_ACTIVE_COMPILATION_CONDITIONS = DEBUG;
				SWIFT_OPTIMIZATION_LEVEL = "-Onone";
			};
			name = Debug;
		};
		2F1A3C562525D4590019C642 /* Release */ = {
			isa = XCBuildConfiguration;
			buildSettings = {
				ALWAYS_SEARCH_USER_PATHS = NO;
				CLANG_ANALYZER_NONNULL = YES;
				CLANG_ANALYZER_NUMBER_OBJECT_CONVERSION = YES_AGGRESSIVE;
				CLANG_CXX_LANGUAGE_STANDARD = "gnu++14";
				CLANG_CXX_LIBRARY = "libc++";
				CLANG_ENABLE_MODULES = YES;
				CLANG_ENABLE_OBJC_ARC = YES;
				CLANG_ENABLE_OBJC_WEAK = YES;
				CLANG_WARN_BLOCK_CAPTURE_AUTORELEASING = YES;
				CLANG_WARN_BOOL_CONVERSION = YES;
				CLANG_WARN_COMMA = YES;
				CLANG_WARN_CONSTANT_CONVERSION = YES;
				CLANG_WARN_DEPRECATED_OBJC_IMPLEMENTATIONS = YES;
				CLANG_WARN_DIRECT_OBJC_ISA_USAGE = YES_ERROR;
				CLANG_WARN_DOCUMENTATION_COMMENTS = YES;
				CLANG_WARN_EMPTY_BODY = YES;
				CLANG_WARN_ENUM_CONVERSION = YES;
				CLANG_WARN_INFINITE_RECURSION = YES;
				CLANG_WARN_INT_CONVERSION = YES;
				CLANG_WARN_NON_LITERAL_NULL_CONVERSION = YES;
				CLANG_WARN_OBJC_IMPLICIT_RETAIN_SELF = YES;
				CLANG_WARN_OBJC_LITERAL_CONVERSION = YES;
				CLANG_WARN_OBJC_ROOT_CLASS = YES_ERROR;
				CLANG_WARN_QUOTED_INCLUDE_IN_FRAMEWORK_HEADER = YES;
				CLANG_WARN_RANGE_LOOP_ANALYSIS = YES;
				CLANG_WARN_STRICT_PROTOTYPES = YES;
				CLANG_WARN_SUSPICIOUS_MOVE = YES;
				CLANG_WARN_UNGUARDED_AVAILABILITY = YES_AGGRESSIVE;
				CLANG_WARN_UNREACHABLE_CODE = YES;
				CLANG_WARN__DUPLICATE_METHOD_MATCH = YES;
				COPY_PHASE_STRIP = NO;
				DEBUG_INFORMATION_FORMAT = "dwarf-with-dsym";
				ENABLE_NS_ASSERTIONS = NO;
				ENABLE_STRICT_OBJC_MSGSEND = YES;
				GCC_C_LANGUAGE_STANDARD = gnu11;
				GCC_NO_COMMON_BLOCKS = YES;
				GCC_WARN_64_TO_32_BIT_CONVERSION = YES;
				GCC_WARN_ABOUT_RETURN_TYPE = YES_ERROR;
				GCC_WARN_UNDECLARED_SELECTOR = YES;
				GCC_WARN_UNINITIALIZED_AUTOS = YES_AGGRESSIVE;
				GCC_WARN_UNUSED_FUNCTION = YES;
				GCC_WARN_UNUSED_VARIABLE = YES;
				IPHONEOS_DEPLOYMENT_TARGET = 14.0;
				MTL_ENABLE_DEBUG_INFO = NO;
				MTL_FAST_MATH = YES;
				SDKROOT = iphoneos;
				SWIFT_COMPILATION_MODE = wholemodule;
				SWIFT_OPTIMIZATION_LEVEL = "-O";
				VALIDATE_PRODUCT = YES;
			};
			name = Release;
		};
		2F1A3C582525D4590019C642 /* Debug */ = {
			isa = XCBuildConfiguration;
			buildSettings = {
				ASSETCATALOG_COMPILER_APPICON_NAME = AppIcon;
				ASSETCATALOG_COMPILER_GLOBAL_ACCENT_COLOR_NAME = AccentColor;
				CODE_SIGN_STYLE = Automatic;
				DEVELOPMENT_TEAM = WK8JGF9VN3;
				INFOPLIST_FILE = ChildControllersExercise/Info.plist;
				LD_RUNPATH_SEARCH_PATHS = (
					"$(inherited)",
					"@executable_path/Frameworks",
				);
				PRODUCT_BUNDLE_IDENTIFIER = com.camilocabana.ChildControllersExercise;
				PRODUCT_NAME = "$(TARGET_NAME)";
				SWIFT_VERSION = 5.0;
				TARGETED_DEVICE_FAMILY = "1,2";
			};
			name = Debug;
		};
		2F1A3C592525D4590019C642 /* Release */ = {
			isa = XCBuildConfiguration;
			buildSettings = {
				ASSETCATALOG_COMPILER_APPICON_NAME = AppIcon;
				ASSETCATALOG_COMPILER_GLOBAL_ACCENT_COLOR_NAME = AccentColor;
				CODE_SIGN_STYLE = Automatic;
				DEVELOPMENT_TEAM = WK8JGF9VN3;
				INFOPLIST_FILE = ChildControllersExercise/Info.plist;
				LD_RUNPATH_SEARCH_PATHS = (
					"$(inherited)",
					"@executable_path/Frameworks",
				);
				PRODUCT_BUNDLE_IDENTIFIER = com.camilocabana.ChildControllersExercise;
				PRODUCT_NAME = "$(TARGET_NAME)";
				SWIFT_VERSION = 5.0;
				TARGETED_DEVICE_FAMILY = "1,2";
			};
			name = Release;
		};
		2F1A3C5B2525D4590019C642 /* Debug */ = {
			isa = XCBuildConfiguration;
			buildSettings = {
				ALWAYS_EMBED_SWIFT_STANDARD_LIBRARIES = YES;
				BUNDLE_LOADER = "$(TEST_HOST)";
				CODE_SIGN_STYLE = Automatic;
				DEVELOPMENT_TEAM = WK8JGF9VN3;
				INFOPLIST_FILE = ChildControllersExerciseTests/Info.plist;
				IPHONEOS_DEPLOYMENT_TARGET = 14.0;
				LD_RUNPATH_SEARCH_PATHS = (
					"$(inherited)",
					"@executable_path/Frameworks",
					"@loader_path/Frameworks",
				);
				PRODUCT_BUNDLE_IDENTIFIER = com.camilocabana.ChildControllersExerciseTests;
				PRODUCT_NAME = "$(TARGET_NAME)";
				SWIFT_VERSION = 5.0;
				TARGETED_DEVICE_FAMILY = "1,2";
				TEST_HOST = "$(BUILT_PRODUCTS_DIR)/ChildControllersExercise.app/ChildControllersExercise";
			};
			name = Debug;
		};
		2F1A3C5C2525D4590019C642 /* Release */ = {
			isa = XCBuildConfiguration;
			buildSettings = {
				ALWAYS_EMBED_SWIFT_STANDARD_LIBRARIES = YES;
				BUNDLE_LOADER = "$(TEST_HOST)";
				CODE_SIGN_STYLE = Automatic;
				DEVELOPMENT_TEAM = WK8JGF9VN3;
				INFOPLIST_FILE = ChildControllersExerciseTests/Info.plist;
				IPHONEOS_DEPLOYMENT_TARGET = 14.0;
				LD_RUNPATH_SEARCH_PATHS = (
					"$(inherited)",
					"@executable_path/Frameworks",
					"@loader_path/Frameworks",
				);
				PRODUCT_BUNDLE_IDENTIFIER = com.camilocabana.ChildControllersExerciseTests;
				PRODUCT_NAME = "$(TARGET_NAME)";
				SWIFT_VERSION = 5.0;
				TARGETED_DEVICE_FAMILY = "1,2";
				TEST_HOST = "$(BUILT_PRODUCTS_DIR)/ChildControllersExercise.app/ChildControllersExercise";
			};
			name = Release;
		};
		2F1A3C5E2525D4590019C642 /* Debug */ = {
			isa = XCBuildConfiguration;
			buildSettings = {
				ALWAYS_EMBED_SWIFT_STANDARD_LIBRARIES = YES;
				CODE_SIGN_STYLE = Automatic;
				DEVELOPMENT_TEAM = WK8JGF9VN3;
				INFOPLIST_FILE = ChildControllersExerciseUITests/Info.plist;
				LD_RUNPATH_SEARCH_PATHS = (
					"$(inherited)",
					"@executable_path/Frameworks",
					"@loader_path/Frameworks",
				);
				PRODUCT_BUNDLE_IDENTIFIER = com.camilocabana.ChildControllersExerciseUITests;
				PRODUCT_NAME = "$(TARGET_NAME)";
				SWIFT_VERSION = 5.0;
				TARGETED_DEVICE_FAMILY = "1,2";
				TEST_TARGET_NAME = ChildControllersExercise;
			};
			name = Debug;
		};
		2F1A3C5F2525D4590019C642 /* Release */ = {
			isa = XCBuildConfiguration;
			buildSettings = {
				ALWAYS_EMBED_SWIFT_STANDARD_LIBRARIES = YES;
				CODE_SIGN_STYLE = Automatic;
				DEVELOPMENT_TEAM = WK8JGF9VN3;
				INFOPLIST_FILE = ChildControllersExerciseUITests/Info.plist;
				LD_RUNPATH_SEARCH_PATHS = (
					"$(inherited)",
					"@executable_path/Frameworks",
					"@loader_path/Frameworks",
				);
				PRODUCT_BUNDLE_IDENTIFIER = com.camilocabana.ChildControllersExerciseUITests;
				PRODUCT_NAME = "$(TARGET_NAME)";
				SWIFT_VERSION = 5.0;
				TARGETED_DEVICE_FAMILY = "1,2";
				TEST_TARGET_NAME = ChildControllersExercise;
			};
			name = Release;
		};
/* End XCBuildConfiguration section */

/* Begin XCConfigurationList section */
		2F1A3C282525D4540019C642 /* Build configuration list for PBXProject "ChildControllersExercise" */ = {
			isa = XCConfigurationList;
			buildConfigurations = (
				2F1A3C552525D4590019C642 /* Debug */,
				2F1A3C562525D4590019C642 /* Release */,
			);
			defaultConfigurationIsVisible = 0;
			defaultConfigurationName = Release;
		};
		2F1A3C572525D4590019C642 /* Build configuration list for PBXNativeTarget "ChildControllersExercise" */ = {
			isa = XCConfigurationList;
			buildConfigurations = (
				2F1A3C582525D4590019C642 /* Debug */,
				2F1A3C592525D4590019C642 /* Release */,
			);
			defaultConfigurationIsVisible = 0;
			defaultConfigurationName = Release;
		};
		2F1A3C5A2525D4590019C642 /* Build configuration list for PBXNativeTarget "ChildControllersExerciseTests" */ = {
			isa = XCConfigurationList;
			buildConfigurations = (
				2F1A3C5B2525D4590019C642 /* Debug */,
				2F1A3C5C2525D4590019C642 /* Release */,
			);
			defaultConfigurationIsVisible = 0;
			defaultConfigurationName = Release;
		};
		2F1A3C5D2525D4590019C642 /* Build configuration list for PBXNativeTarget "ChildControllersExerciseUITests" */ = {
			isa = XCConfigurationList;
			buildConfigurations = (
				2F1A3C5E2525D4590019C642 /* Debug */,
				2F1A3C5F2525D4590019C642 /* Release */,
			);
			defaultConfigurationIsVisible = 0;
			defaultConfigurationName = Release;
		};
/* End XCConfigurationList section */
	};
	rootObject = 2F1A3C252525D4540019C642 /* Project object */;
}
